
Microsoft Visual Studio Solution File, Format Version 12.00
# Visual Studio Version 17
VisualStudioVersion = 17.14.36119.2 d17.14
MinimumVisualStudioVersion = 10.0.40219.1
Project("{FAE04EC0-301F-11D3-BF4B-00C04F79EFBC}") = "MyFirstProgram", "MyFirstProgram\MyFirstProgram.csproj", "{3B4E2DAE-BA98-44AA-82E4-F1197F30715D}"
EndProject
Global
	GlobalSection(SolutionConfigurationPlatforms) = preSolution
		Debug|Any CPU = Debug|Any CPU
		Release|Any CPU = Release|Any CPU
	EndGlobalSection
	GlobalSection(ProjectConfigurationPlatforms) = postSolution
		{3B4E2DAE-BA98-44AA-82E4-F1197F30715D}.Debug|Any CPU.ActiveCfg = Debug|Any CPU
		{3B4E2DAE-BA98-44AA-82E4-F1197F30715D}.Debug|Any CPU.Build.0 = Debug|Any CPU
		{3B4E2DAE-BA98-44AA-82E4-F1197F30715D}.Release|Any CPU.ActiveCfg = Release|Any CPU
		{3B4E2DAE-BA98-44AA-82E4-F1197F30715D}.Release|Any CPU.Build.0 = Release|Any CPU
	EndGlobalSection
	GlobalSection(SolutionProperties) = preSolution
		HideSolutionNode = FALSE
	EndGlobalSection
	GlobalSection(ExtensibilityGlobals) = postSolution
		SolutionGuid = {E423D0CD-00AA-4B0E-838B-7FEDE7605CCB}
	EndGlobalSection
EndGlobal
