
Microsoft Visual Studio Solution File, Format Version 12.00
# Visual Studio Version 17
VisualStudioVersion = 17.14.36119.2
MinimumVisualStudioVersion = 10.0.40219.1
Project("{FAE04EC0-301F-11D3-BF4B-00C04F79EFBC}") = "Events1", "Events1\Events1.csproj", "{76699FA2-D27A-46FE-8075-F140E59D7637}"
EndProject
Project("{FAE04EC0-301F-11D3-BF4B-00C04F79EFBC}") = "Exceptions", "Exceptions\Exceptions.csproj", "{BD7BE914-CF06-475B-A337-69D2E58A8F74}"
EndProject
Global
	GlobalSection(SolutionConfigurationPlatforms) = preSolution
		Debug|Any CPU = Debug|Any CPU
		Release|Any CPU = Release|Any CPU
	EndGlobalSection
	GlobalSection(ProjectConfigurationPlatforms) = postSolution
		{76699FA2-D27A-46FE-8075-F140E59D7637}.Debug|Any CPU.ActiveCfg = Debug|Any CPU
		{76699FA2-D27A-46FE-8075-F140E59D7637}.Debug|Any CPU.Build.0 = Debug|Any CPU
		{76699FA2-D27A-46FE-8075-F140E59D7637}.Release|Any CPU.ActiveCfg = Release|Any CPU
		{76699FA2-D27A-46FE-8075-F140E59D7637}.Release|Any CPU.Build.0 = Release|Any CPU
		{BD7BE914-CF06-475B-A337-69D2E58A8F74}.Debug|Any CPU.ActiveCfg = Debug|Any CPU
		{BD7BE914-CF06-475B-A337-69D2E58A8F74}.Debug|Any CPU.Build.0 = Debug|Any CPU
		{BD7BE914-CF06-475B-A337-69D2E58A8F74}.Release|Any CPU.ActiveCfg = Release|Any CPU
		{BD7BE914-CF06-475B-A337-69D2E58A8F74}.Release|Any CPU.Build.0 = Release|Any CPU
	EndGlobalSection
	GlobalSection(SolutionProperties) = preSolution
		HideSolutionNode = FALSE
	EndGlobalSection
	GlobalSection(ExtensibilityGlobals) = postSolution
		SolutionGuid = {AE7A5301-AE78-45D5-A9E2-675D0C22FF3E}
	EndGlobalSection
EndGlobal
